
Microsoft Visual Studio Solution File, Format Version 12.00
# Visual Studio Version 17
VisualStudioVersion = 17.11.35312.102
MinimumVisualStudioVersion = 10.0.40219.1
Project("{FAE04EC0-301F-11D3-BF4B-00C04F79EFBC}") = "MemoryAtelierBackend", "MemoryAtelierBackend.csproj", "{1FC5B392-856A-4FDA-9FD7-E2B63997923C}"
EndProject
Global
	GlobalSection(SolutionConfigurationPlatforms) = preSolution
		Debug|Any CPU = Debug|Any CPU
		Release|Any CPU = Release|Any CPU
	EndGlobalSection
	GlobalSection(ProjectConfigurationPlatforms) = postSolution
		{1FC5B392-856A-4FDA-9FD7-E2B63997923C}.Debug|Any CPU.ActiveCfg = Debug|Any CPU
		{1FC5B392-856A-4FDA-9FD7-E2B63997923C}.Debug|Any CPU.Build.0 = Debug|Any CPU
		{1FC5B392-856A-4FDA-9FD7-E2B63997923C}.Release|Any CPU.ActiveCfg = Release|Any CPU
		{1FC5B392-856A-4FDA-9FD7-E2B63997923C}.Release|Any CPU.Build.0 = Release|Any CPU
	EndGlobalSection
	GlobalSection(SolutionProperties) = preSolution
		HideSolutionNode = FALSE
	EndGlobalSection
	GlobalSection(ExtensibilityGlobals) = postSolution
		SolutionGuid = {444FA07A-3265-425A-AE66-850F9367CDDC}
	EndGlobalSection
EndGlobal
